github.com/hugomods/bootstrap v0.19.0 h1:+MtDukCQGaqOagNYsH8CS8gp1yVBQDkZnD4aVVQgGPA=
github.com/hugomods/bootstrap v0.19.0/go.mod h1:NsS0rxUANr6nWIUrOK2Qw0T90lu4SdPUuglpodNl93k=
github.com/hugomods/icons v0.6.3 h1:2Ra6NU2GOeVvz8vowLq/OZCTzxqhq84MA0TICRBVxeY=
github.com/hugomods/icons/vendors/bootstrap v0.5.6 h1:4Vj7u52gFUnO+Jj/CqmGfsLroify2aysRpIvgHRNjjI=
github.com/hugomods/icons/vendors/bootstrap v0.5.6/go.mod h1:Sw1RhQvFcsQlJ5a4SKpp7A0XHDYQ0DK0pQwnnx+l+Ao=
github.com/hugomods/images v0.10.0 h1:8Tsro/IWi5VFdDiEgAHcR6mxycQ/Bu7JXW3vIH7B2n8=
github.com/hugomods/images v0.10.0/go.mod h1:U6Gwj16LKvk66rOMyGFrnF6f0aV8lT89lqOsckOAjYY=
github.com/hugomods/katex v0.3.0 h1:hq0Kels9clL38Y2K/QZgXFKF7hQuumyQYz16TT4/Hhk=
github.com/hugomods/katex v0.3.0/go.mod h1:EBY1YQTN6F8FDQz+mWp3EzEh8vDN31YjL9luVni+Wm0=
